<?xml version="1.0" encoding="utf-8"?>
<Project ToolsVersion="4.0" xmlns="http://schemas.microsoft.com/developer/msbuild/2003">
  <ItemGroup>
    <ClCompile Include="Source\main.cpp" />
    <ClCompile Include="Source\DB\DB.cpp" />
    <ClCompile Include="Source\Object\Player.cpp" />
    <ClCompile Include="Source\Room\Room.cpp" />
    <ClCompile Include="Source\Server\Server.cpp" />
    <ClCompile Include="Source\Network\Session\Session.cpp" />
    <ClCompile Include="Source\Network\ExOver.cpp" />
    <ClCompile Include="Source\Thread\WorkerThread\WorkerThread.cpp" />
    <ClCompile Include="Source\PacketManager\PacketManager.cpp" />
    <ClCompile Include="Source\TableManager\TableManager.cpp" />
    <ClCompile Include="Source\Thread\TimerThread\TimerThread.cpp" />
    <ClCompile Include="Source\utility.cpp" />
    <ClCompile Include="Source\Event\Event.cpp" />
    <ClCompile Include="Source\Room\Team\Team.cpp" />
    <ClCompile Include="Source\PacketManager\PacketMaker\PacketMaker.cpp" />
    <ClCompile Include="Source\Thread\TestThread\TestThread.cpp" />
    <ClCompile Include="Source\Object\Bomb\Bomb.cpp" />
    <ClCompile Include="Source\Object\Object.cpp" />
    <ClCompile Include="Source\PacketManager\PacketProcessors\Event\Game\EventPlayerRespawn.h" />
    <ClCompile Include="Source\DB\Security\Security.cpp" />
    <ClCompile Include="Source\Object\Weapon\Weapon.cpp" />
    <ClCompile Include="Source\PacketManager\PacketSender\PacketSender.cpp" />
    <ClCompile Include="KISA_SHA256\KISA_SHA256.c" />
  </ItemGroup>
  <ItemGroup>
    <ClInclude Include="Source\DB\DB.h" />
    <ClInclude Include="Source\Object\Player.h" />
    <ClInclude Include="Source\Room\Room.h" />
    <ClInclude Include="Source\Server\Server.h" />
    <ClInclude Include="Source\Network\Session\Session.h" />
    <ClInclude Include="Source\utility.h" />
    <ClInclude Include="Source\Network\ExOver.h" />
    <ClInclude Include="Source\Thread\WorkerThread\WorkerThread.h" />
    <ClInclude Include="Source\PacketManager\PacketManager.h" />
    <ClInclude Include="Source\PacketManager\test_generated.h" />
    <ClInclude Include="Source\TableManager\Tables\ItemTable.h" />
    <ClInclude Include="Source\TableManager\Tables\Tables.h" />
    <ClInclude Include="Source\TableManager\TableManager.h" />
    <ClInclude Include="Source\Thread\TimerThread\TimerThread.h" />
    <ClInclude Include="Source\PacketManager\PacketProcessors\PacketProcessor.h" />
    <ClInclude Include="Source\PacketManager\FlatBuffer\test_generated.h" />
    <ClInclude Include="Source\PacketManager\PacketProcessors\flatbuffer\FlatBufferManager.h" />
    <ClInclude Include="Source\PacketManager\PacketProcessors\Processors.h" />
    <ClInclude Include="Source\PacketManager\PacketProcessors\Packet\Player\PacketPlayerMove.h" />
    <ClInclude Include="Source\PacketManager\PacketProcessors\Packet\Player\PacketPlayerStop.h" />
    <ClInclude Include="Source\TableManager\Tables\CharacterStat.h" />
    <ClInclude Include="Source\PacketManager\PacketProcessors\flatbuffer\Player_generated.h" />
    <ClInclude Include="Source\Event.h" />
    <ClInclude Include="Source\Event\Event.h" />
    <ClInclude Include="Source\PacketManager\PacketProcessors\Event\Object\EventBlockDrop.h" />
    <ClInclude Include="Source\PacketManager\PacketProcessors\Packet\Player\PacketPlayerPosSync.h" />
    <ClInclude Include="Source\PacketManager\PacketProcessors\Event\Utilities\EventHeartBeat.h" />
    <ClInclude Include="Source\PacketManager\PacketProcessors\Packet\Utilities\PacketHeartBeat.h" />
    <ClInclude Include="Source\PacketManager\PacketProcessors\flatbuffer\Utilities_generated.h" />
    <ClInclude Include="Source\TableManager\Tables\FITH.h" />
    <ClInclude Include="Source\Object\Map\Map.h" />
    <ClInclude Include="Source\PacketManager\PacketProcessors\flatbuffer\Game_generated.h" />
    <ClInclude Include="Source\PacketManager\PacketProcessors\Packet\Object\PacketBombInput.h" />
    <ClInclude Include="Source\Room\Team\Team.h" />
    <ClInclude Include="Source\PacketManager\PacketProcessors\Event\Object\EventBombSpawn.h" />
    <ClInclude Include="Source\PacketManager\PacketMaker\PacketMaker.h" />
    <ClInclude Include="Source\Thread\TestThread\TestThread.h" />
    <ClInclude Include="Source\PacketManager\PacketProcessors\Event\Game\EventRemainTimeSync.h" />
    <ClInclude Include="Source\Object\Bomb\Bomb.h" />
    <ClInclude Include="Source\protocol.h" />
    <ClInclude Include="Source\Object\Object.h" />
    <ClInclude Include="Source\PacketManager\PacketProcessors\Packet\Player\PacketPlayerGrabBomb.h" />
    <ClInclude Include="Source\PacketManager\PacketProcessors\Packet\Player\PacketPlayerThrowBomb.h" />
    <ClInclude Include="Source\PacketManager\PacketProcessors\Packet\Object\PacketBombPositionSync.h" />
    <ClInclude Include="Source\PacketManager\PacketProcessors\Event\Object\EventBombExplosion.h" />
    <ClInclude Include="Source\PacketManager\PacketProcessors\Packet\Object\PacketBombExplosion.h" />
    <ClInclude Include="Source\PacketManager\PacketProcessors\Event\Game\EventTimeOverCheck.h" />
    <ClInclude Include="Source\PacketManager\PacketProcessors\flatbuffer\Bomb_generated.h" />
    <ClInclude Include="Source\PacketManager\PacketProcessors\flatbuffer\block_generated.h" />
    <ClInclude Include="Source\PacketManager\PacketProcessors\flatbuffer\Lobby_generated.h" />
    <ClInclude Include="Source\PacketManager\PacketProcessors\Packet\Lobby\PacketGameMatchingRequest.h" />
    <ClInclude Include="Source\PacketManager\PacketProcessors\Packet\Game\PacketGameReady.h" />
    <ClInclude Include="Source\PacketManager\flatbuffer\block_generated.h" />
    <ClInclude Include="Source\PacketManager\flatbuffer\Bomb_generated.h" />
    <ClInclude Include="Source\PacketManager\flatbuffer\FlatBufferManager.h" />
    <ClInclude Include="Source\PacketManager\flatbuffer\Game_generated.h" />
    <ClInclude Include="Source\PacketManager\flatbuffer\Lobby_generated.h" />
    <ClInclude Include="Source\PacketManager\flatbuffer\Player_generated.h" />
    <ClInclude Include="Source\PacketManager\flatbuffer\Utilities_generated.h" />
    <ClInclude Include="Source\PacketManager\PacketProcessors\Event\Game\EventGameStart.h" />
    <ClInclude Include="Source\PacketManager\PacketProcessors\Event\Lobby\EventGameMatching.h" />
    <ClInclude Include="Source\PacketManager\PacketProcessors\Packet\Player\PacketPlayerAnimation.h" />
    <ClInclude Include="Source\PacketManager\PacketProcessors\Packet\Player\PacketPlayerDamageReceive.h" />
    <ClInclude Include="Source\DB\Security\Security.h" />
    <ClInclude Include="Source\PacketManager\flatbuffer\Weapon_generated.h" />
    <ClInclude Include="Source\Object\Weapon\Weapon.h" />
    <ClInclude Include="Source\PacketManager\PacketProcessors\Event\Object\EventWeaponSpawn.h" />
    <ClInclude Include="Source\PacketManager\PacketProcessors\Packet\Player\PacketPlayerGrabWeapon.h" />
    <ClInclude Include="Source\PacketManager\PacketProcessors\Packet\Player\PacketPlayerDropWeapon.h" />
    <ClInclude Include="Source\PacketManager\PacketProcessors\Packet\Object\PacketWeaponDelete.h" />
    <ClInclude Include="Source\PacketManager\PacketProcessors\Packet\Lobby\PacketGameMatchingCancel.h" />
    <ClInclude Include="Source\TableManager\Tables\WeaponStat.h" />
    <ClInclude Include="Source\PacketManager\PacketSender\PacketSender.h" />
    <ClInclude Include="KISA_SHA256\KISA_SHA256.h" />
    <ClInclude Include="Source\TableManager\Tables\ScoreCalculateConstant.h" />
    <ClInclude Include="Source\TableManager\Tables\GachaItem.h" />
    <ClInclude Include="Source\TableManager\Tables\RandomBox.h" />
    <ClInclude Include="Source\PacketManager\PacketProcessors\Packet\Lobby\PacketGachaRequest.h" />
    <ClInclude Include="Source\PacketManager\PacketProcessors\Event\Player\EventRecoveryStamina.h" />
  </ItemGroup>
  <ItemGroup>
    <None Include="Source\TableManager\ItemTable.xlsx" />
    <None Include="GameData\ItemTable.xlsx" />
    <None Include="GameData\FITH_Mode.xlsx" />
  </ItemGroup>
</Project>