<?xml version="1.0" encoding="utf-8"?>
<Project ToolsVersion="4.0" xmlns="http://schemas.microsoft.com/developer/msbuild/2003">
  <ItemGroup>
    <ClCompile Include="Source\main.cpp" />
    <ClCompile Include="Source\DB\DB.cpp" />
    <ClCompile Include="Source\Object\Player.cpp" />
    <ClCompile Include="Source\Room\Room.cpp" />
    <ClCompile Include="Source\Server\Server.cpp" />
    <ClCompile Include="Source\Network\Session\Session.cpp" />
    <ClCompile Include="Source\Network\ExOver.cpp" />
    <ClCompile Include="Source\Thread\WorkerThread\WorkerThread.cpp" />
    <ClCompile Include="Source\PacketManager\PacketManager.cpp" />
    <ClCompile Include="Source\TableManager\TableManager.cpp" />
    <ClCompile Include="Source\Thread\TimerThread\TimerThread.cpp" />
    <ClCompile Include="Source\utility.cpp" />
    <ClCompile Include="Source\Event\Event.cpp" />
    <ClCompile Include="Source\Room\Team\Team.cpp" />
    <ClCompile Include="Source\PacketManager\PacketMaker\PacketMaker.cpp" />
    <ClCompile Include="Source\Thread\TestThread\TestThread.cpp" />
    <ClCompile Include="Source\Object\Bomb\Bomb.cpp" />
    <ClCompile Include="Source\Object\Object.cpp" />
    <ClCompile Include="Source\PacketManager\PacketProcessors\Event\EventPlayerRespawn.h" />
  </ItemGroup>
  <ItemGroup>
    <ClInclude Include="Source\DB\DB.h" />
    <ClInclude Include="Source\Object\Player.h" />
    <ClInclude Include="Source\Room\Room.h" />
    <ClInclude Include="Source\Server\Server.h" />
    <ClInclude Include="Source\Network\Session\Session.h" />
    <ClInclude Include="Source\utility.h" />
    <ClInclude Include="Source\Network\ExOver.h" />
    <ClInclude Include="Source\Thread\WorkerThread\WorkerThread.h" />
    <ClInclude Include="Source\PacketManager\PacketManager.h" />
    <ClInclude Include="Source\PacketManager\test_generated.h" />
    <ClInclude Include="Source\TableManager\Tables\ItemTable.h" />
    <ClInclude Include="Source\TableManager\Tables\Tables.h" />
    <ClInclude Include="Source\TableManager\TableManager.h" />
    <ClInclude Include="Source\Thread\TimerThread\TimerThread.h" />
    <ClInclude Include="Source\PacketManager\PacketProcessors\PacketProcessor.h" />
    <ClInclude Include="Source\PacketManager\FlatBuffer\test_generated.h" />
    <ClInclude Include="Source\PacketManager\PacketProcessors\flatbuffer\FlatBufferManager.h" />
    <ClInclude Include="Source\PacketManager\PacketProcessors\Processors.h" />
    <ClInclude Include="Source\PacketManager\PacketProcessors\Packet\PacketPlayerMove.h" />
    <ClInclude Include="Source\PacketManager\PacketProcessors\Packet\PacketPlayerStop.h" />
    <ClInclude Include="Source\TableManager\Tables\CharacterStat.h" />
    <ClInclude Include="Source\PacketManager\PacketProcessors\flatbuffer\Player_generated.h" />
    <ClInclude Include="Source\Event.h" />
    <ClInclude Include="Source\Event\Event.h" />
    <ClInclude Include="Source\PacketManager\PacketProcessors\Event\EventBlockDrop.h" />
    <ClInclude Include="Source\PacketManager\PacketProcessors\Packet\PacketPlayerPosSync.h" />
    <ClInclude Include="Source\PacketManager\PacketProcessors\Event\EventHeartBeat.h" />
    <ClInclude Include="Source\PacketManager\PacketProcessors\Packet\PacketHeartBeat.h" />
    <ClInclude Include="Source\PacketManager\PacketProcessors\flatbuffer\Utilities_generated.h" />
    <ClInclude Include="Source\TableManager\Tables\FITH.h" />
    <ClInclude Include="Source\Object\Map\Map.h" />
    <ClInclude Include="Source\PacketManager\PacketProcessors\flatbuffer\Game_generated.h" />
    <ClInclude Include="Source\PacketManager\PacketProcessors\Packet\PacketBombInput.h" />
    <ClInclude Include="Source\Room\Team\Team.h" />
    <ClInclude Include="Source\PacketManager\PacketProcessors\Event\EventBombSpawn.h" />
    <ClInclude Include="Source\PacketManager\PacketMaker\PacketMaker.h" />
    <ClInclude Include="Source\Thread\TestThread\TestThread.h" />
    <ClInclude Include="Source\PacketManager\PacketProcessors\Event\EventRemainTimeSync.h" />
    <ClInclude Include="Source\Object\Bomb\Bomb.h" />
    <ClInclude Include="Source\protocol.h" />
    <ClInclude Include="Source\Object\Object.h" />
    <ClInclude Include="Source\PacketManager\PacketProcessors\Packet\PacketPlayerGrabBomb.h" />
    <ClInclude Include="Source\PacketManager\PacketProcessors\Packet\PacketPlayerThrowBomb.h" />
    <ClInclude Include="Source\PacketManager\PacketProcessors\Packet\PacketBombPositionSync.h" />
    <ClInclude Include="Source\PacketManager\PacketProcessors\Event\EventBombExplosion.h" />
    <ClInclude Include="Source\PacketManager\PacketProcessors\Packet\PacketBombExplosion.h" />
    <ClInclude Include="Source\PacketManager\PacketProcessors\Event\EventTimeOverCheck.h" />
    <ClInclude Include="Source\PacketManager\PacketProcessors\flatbuffer\Bomb_generated.h" />
    <ClInclude Include="Source\PacketManager\PacketProcessors\flatbuffer\block_generated.h" />
    <ClInclude Include="Source\PacketManager\PacketProcessors\flatbuffer\Lobby_generated.h" />
  </ItemGroup>
  <ItemGroup>
    <None Include="Source\TableManager\ItemTable.xlsx" />
    <None Include="GameData\ItemTable.xlsx" />
    <None Include="GameData\FITH_Mode.xlsx" />
  </ItemGroup>
</Project>